
Microsoft Visual Studio Solution File, Format Version 12.00
# Visual Studio Version 16
VisualStudioVersion = 16.0.32002.261
MinimumVisualStudioVersion = 10.0.40219.1
Project("{FAE04EC0-301F-11D3-BF4B-00C04F79EFBC}") = "App4Jenkins", "App4Jenkins\App4Jenkins.csproj", "{98AF45F9-86D3-41F7-832B-51F48E6AFF57}"
EndProject
Global
	GlobalSection(SolutionConfigurationPlatforms) = preSolution
		Debug|Any CPU = Debug|Any CPU
		Release|Any CPU = Release|Any CPU
	EndGlobalSection
	GlobalSection(ProjectConfigurationPlatforms) = postSolution
		{98AF45F9-86D3-41F7-832B-51F48E6AFF57}.Debug|Any CPU.ActiveCfg = Debug|Any CPU
		{98AF45F9-86D3-41F7-832B-51F48E6AFF57}.Debug|Any CPU.Build.0 = Debug|Any CPU
		{98AF45F9-86D3-41F7-832B-51F48E6AFF57}.Release|Any CPU.ActiveCfg = Release|Any CPU
		{98AF45F9-86D3-41F7-832B-51F48E6AFF57}.Release|Any CPU.Build.0 = Release|Any CPU
	EndGlobalSection
	GlobalSection(SolutionProperties) = preSolution
		HideSolutionNode = FALSE
	EndGlobalSection
	GlobalSection(ExtensibilityGlobals) = postSolution
		SolutionGuid = {1A1CA2E3-BB51-478B-8CF6-FAECEB429885}
	EndGlobalSection
EndGlobal
